// !$*UTF8*$!
{
	archiveVersion = 1;
	classes = {
	};
	objectVersion = 46;
	objects = {

/* Begin PBXBuildFile section */
		6A1159F71D3FCBF0003FDDD9 /* TableViewController.swift in Sources */ = {isa = PBXBuildFile; fileRef = 6A1159F61D3FCBF0003FDDD9 /* TableViewController.swift */; };
		6A2538061D3DE054005CF9A7 /* Main.storyboard in Resources */ = {isa = PBXBuildFile; fileRef = 6A2538051D3DE054005CF9A7 /* Main.storyboard */; };
		6A2538081D3DEB28005CF9A7 /* UdacityAPI.swift in Sources */ = {isa = PBXBuildFile; fileRef = 6A2538071D3DEB28005CF9A7 /* UdacityAPI.swift */; };
		6A8049C51D4BE97C00C0513E /* User.swift in Sources */ = {isa = PBXBuildFile; fileRef = 6A8049C41D4BE97C00C0513E /* User.swift */; };
		6AE0CFC21D49BB6300D708ED /* MapViewController.swift in Sources */ = {isa = PBXBuildFile; fileRef = 6AE0CFC11D49BB6300D708ED /* MapViewController.swift */; };
		6AE0CFC41D49D55600D708ED /* TabBarController.swift in Sources */ = {isa = PBXBuildFile; fileRef = 6AE0CFC31D49D55600D708ED /* TabBarController.swift */; };
		6AE0CFC61D49DC1600D708ED /* InformationPostingViewController.swift in Sources */ = {isa = PBXBuildFile; fileRef = 6AE0CFC51D49DC1600D708ED /* InformationPostingViewController.swift */; };
		6AE0CFCB1D4AB01600D708ED /* StudentInformationModel.swift in Sources */ = {isa = PBXBuildFile; fileRef = 6AE0CFCA1D4AB01600D708ED /* StudentInformationModel.swift */; };
		6AE0CFCD1D4AB8A500D708ED /* UIViewControllerExtensions.swift in Sources */ = {isa = PBXBuildFile; fileRef = 6AE0CFCC1D4AB8A500D708ED /* UIViewControllerExtensions.swift */; };
		6AE0CFCF1D4AC04700D708ED /* StudentInformation.swift in Sources */ = {isa = PBXBuildFile; fileRef = 6AE0CFCE1D4AC04700D708ED /* StudentInformation.swift */; };
		6AE0CFD11D4BD1AE00D708ED /* ParseAPI.swift in Sources */ = {isa = PBXBuildFile; fileRef = 6AE0CFD01D4BD1AE00D708ED /* ParseAPI.swift */; };
		6AF5F2671D34A9890018E351 /* AppDelegate.swift in Sources */ = {isa = PBXBuildFile; fileRef = 6AF5F2661D34A9890018E351 /* AppDelegate.swift */; };
		6AF5F26E1D34A9890018E351 /* Assets.xcassets in Resources */ = {isa = PBXBuildFile; fileRef = 6AF5F26D1D34A9890018E351 /* Assets.xcassets */; };
		6AF5F2711D34A9890018E351 /* LaunchScreen.storyboard in Resources */ = {isa = PBXBuildFile; fileRef = 6AF5F26F1D34A9890018E351 /* LaunchScreen.storyboard */; };
		6AF5F2791D34A9BB0018E351 /* LoginViewController.swift in Sources */ = {isa = PBXBuildFile; fileRef = 6AF5F2781D34A9BB0018E351 /* LoginViewController.swift */; };
/* End PBXBuildFile section */

/* Begin PBXFileReference section */
		6A1159F61D3FCBF0003FDDD9 /* TableViewController.swift */ = {isa = PBXFileReference; fileEncoding = 4; lastKnownFileType = sourcecode.swift; path = TableViewController.swift; sourceTree = "<group>"; };
		6A2538051D3DE054005CF9A7 /* Main.storyboard */ = {isa = PBXFileReference; fileEncoding = 4; lastKnownFileType = file.storyboard; path = Main.storyboard; sourceTree = "<group>"; };
		6A2538071D3DEB28005CF9A7 /* UdacityAPI.swift */ = {isa = PBXFileReference; fileEncoding = 4; lastKnownFileType = sourcecode.swift; path = UdacityAPI.swift; sourceTree = "<group>"; };
		6A8049C41D4BE97C00C0513E /* User.swift */ = {isa = PBXFileReference; fileEncoding = 4; lastKnownFileType = sourcecode.swift; path = User.swift; sourceTree = "<group>"; };
		6AE0CFC11D49BB6300D708ED /* MapViewController.swift */ = {isa = PBXFileReference; fileEncoding = 4; lastKnownFileType = sourcecode.swift; path = MapViewController.swift; sourceTree = "<group>"; };
		6AE0CFC31D49D55600D708ED /* TabBarController.swift */ = {isa = PBXFileReference; fileEncoding = 4; lastKnownFileType = sourcecode.swift; path = TabBarController.swift; sourceTree = "<group>"; };
		6AE0CFC51D49DC1600D708ED /* InformationPostingViewController.swift */ = {isa = PBXFileReference; fileEncoding = 4; lastKnownFileType = sourcecode.swift; path = InformationPostingViewController.swift; sourceTree = "<group>"; };
		6AE0CFCA1D4AB01600D708ED /* StudentInformationModel.swift */ = {isa = PBXFileReference; fileEncoding = 4; lastKnownFileType = sourcecode.swift; path = StudentInformationModel.swift; sourceTree = "<group>"; };
		6AE0CFCC1D4AB8A500D708ED /* UIViewControllerExtensions.swift */ = {isa = PBXFileReference; fileEncoding = 4; lastKnownFileType = sourcecode.swift; path = UIViewControllerExtensions.swift; sourceTree = "<group>"; };
		6AE0CFCE1D4AC04700D708ED /* StudentInformation.swift */ = {isa = PBXFileReference; fileEncoding = 4; lastKnownFileType = sourcecode.swift; path = StudentInformation.swift; sourceTree = "<group>"; };
		6AE0CFD01D4BD1AE00D708ED /* ParseAPI.swift */ = {isa = PBXFileReference; fileEncoding = 4; lastKnownFileType = sourcecode.swift; path = ParseAPI.swift; sourceTree = "<group>"; };
		6AF5F2631D34A9890018E351 /* OnTheMap.app */ = {isa = PBXFileReference; explicitFileType = wrapper.application; includeInIndex = 0; path = OnTheMap.app; sourceTree = BUILT_PRODUCTS_DIR; };
		6AF5F2661D34A9890018E351 /* AppDelegate.swift */ = {isa = PBXFileReference; lastKnownFileType = sourcecode.swift; path = AppDelegate.swift; sourceTree = "<group>"; };
		6AF5F26D1D34A9890018E351 /* Assets.xcassets */ = {isa = PBXFileReference; lastKnownFileType = folder.assetcatalog; path = Assets.xcassets; sourceTree = "<group>"; };
		6AF5F2701D34A9890018E351 /* Base */ = {isa = PBXFileReference; lastKnownFileType = file.storyboard; name = Base; path = Base.lproj/LaunchScreen.storyboard; sourceTree = "<group>"; };
		6AF5F2721D34A9890018E351 /* Info.plist */ = {isa = PBXFileReference; lastKnownFileType = text.plist.xml; path = Info.plist; sourceTree = "<group>"; };
		6AF5F2781D34A9BB0018E351 /* LoginViewController.swift */ = {isa = PBXFileReference; fileEncoding = 4; lastKnownFileType = sourcecode.swift; path = LoginViewController.swift; sourceTree = "<group>"; };
/* End PBXFileReference section */

/* Begin PBXFrameworksBuildPhase section */
		6AF5F2601D34A9890018E351 /* Frameworks */ = {
			isa = PBXFrameworksBuildPhase;
			buildActionMask = 2147483647;
			files = (
			);
			runOnlyForDeploymentPostprocessing = 0;
		};
/* End PBXFrameworksBuildPhase section */

/* Begin PBXGroup section */
		6A1159F81D3FCEE4003FDDD9 /* View */ = {
			isa = PBXGroup;
			children = (
				6A2538051D3DE054005CF9A7 /* Main.storyboard */,
			);
			name = View;
			sourceTree = "<group>";
		};
		6AE0CFC01D48718300D708ED /* Controller */ = {
			isa = PBXGroup;
			children = (
				6A1159F61D3FCBF0003FDDD9 /* TableViewController.swift */,
				6AF5F2781D34A9BB0018E351 /* LoginViewController.swift */,
				6AE0CFC11D49BB6300D708ED /* MapViewController.swift */,
				6AE0CFC31D49D55600D708ED /* TabBarController.swift */,
				6AE0CFC51D49DC1600D708ED /* InformationPostingViewController.swift */,
				6AE0CFCC1D4AB8A500D708ED /* UIViewControllerExtensions.swift */,
			);
			name = Controller;
			sourceTree = "<group>";
		};
		6AE0CFC91D49E1D000D708ED /* Model */ = {
			isa = PBXGroup;
			children = (
				6A2538071D3DEB28005CF9A7 /* UdacityAPI.swift */,
				6AE0CFD01D4BD1AE00D708ED /* ParseAPI.swift */,
				6AE0CFCA1D4AB01600D708ED /* StudentInformationModel.swift */,
				6AE0CFCE1D4AC04700D708ED /* StudentInformation.swift */,
				6A8049C41D4BE97C00C0513E /* User.swift */,
			);
			name = Model;
			sourceTree = "<group>";
		};
		6AF5F25A1D34A9890018E351 = {
			isa = PBXGroup;
			children = (
				6AF5F2651D34A9890018E351 /* OnTheMap */,
				6AF5F2641D34A9890018E351 /* Products */,
			);
			sourceTree = "<group>";
		};
		6AF5F2641D34A9890018E351 /* Products */ = {
			isa = PBXGroup;
			children = (
				6AF5F2631D34A9890018E351 /* OnTheMap.app */,
			);
			name = Products;
			sourceTree = "<group>";
		};
		6AF5F2651D34A9890018E351 /* OnTheMap */ = {
			isa = PBXGroup;
			children = (
				6AF5F2661D34A9890018E351 /* AppDelegate.swift */,
				6AE0CFC91D49E1D000D708ED /* Model */,
				6A1159F81D3FCEE4003FDDD9 /* View */,
				6AE0CFC01D48718300D708ED /* Controller */,
				6AF5F26D1D34A9890018E351 /* Assets.xcassets */,
				6AF5F26F1D34A9890018E351 /* LaunchScreen.storyboard */,
				6AF5F2721D34A9890018E351 /* Info.plist */,
			);
			path = OnTheMap;
			sourceTree = "<group>";
		};
/* End PBXGroup section */

/* Begin PBXNativeTarget section */
		6AF5F2621D34A9890018E351 /* OnTheMap */ = {
			isa = PBXNativeTarget;
			buildConfigurationList = 6AF5F2751D34A9890018E351 /* Build configuration list for PBXNativeTarget "OnTheMap" */;
			buildPhases = (
				6AF5F25F1D34A9890018E351 /* Sources */,
				6AF5F2601D34A9890018E351 /* Frameworks */,
				6AF5F2611D34A9890018E351 /* Resources */,
			);
			buildRules = (
			);
			dependencies = (
			);
			name = OnTheMap;
			productName = OnTheMap;
			productReference = 6AF5F2631D34A9890018E351 /* OnTheMap.app */;
			productType = "com.apple.product-type.application";
		};
/* End PBXNativeTarget section */

/* Begin PBXProject section */
		6AF5F25B1D34A9890018E351 /* Project object */ = {
			isa = PBXProject;
			attributes = {
				LastSwiftUpdateCheck = 0730;
				LastUpgradeCheck = 0730;
				ORGANIZATIONNAME = z0s;
				TargetAttributes = {
					6AF5F2621D34A9890018E351 = {
						CreatedOnToolsVersion = 7.3;
					};
				};
			};
			buildConfigurationList = 6AF5F25E1D34A9890018E351 /* Build configuration list for PBXProject "OnTheMap" */;
			compatibilityVersion = "Xcode 3.2";
			developmentRegion = English;
			hasScannedForEncodings = 0;
			knownRegions = (
				en,
				Base,
			);
			mainGroup = 6AF5F25A1D34A9890018E351;
			productRefGroup = 6AF5F2641D34A9890018E351 /* Products */;
			projectDirPath = "";
			projectRoot = "";
			targets = (
				6AF5F2621D34A9890018E351 /* OnTheMap */,
			);
		};
/* End PBXProject section */

/* Begin PBXResourcesBuildPhase section */
		6AF5F2611D34A9890018E351 /* Resources */ = {
			isa = PBXResourcesBuildPhase;
			buildActionMask = 2147483647;
			files = (
				6AF5F2711D34A9890018E351 /* LaunchScreen.storyboard in Resources */,
				6AF5F26E1D34A9890018E351 /* Assets.xcassets in Resources */,
				6A2538061D3DE054005CF9A7 /* Main.storyboard in Resources */,
			);
			runOnlyForDeploymentPostprocessing = 0;
		};
/* End PBXResourcesBuildPhase section */

/* Begin PBXSourcesBuildPhase section */
		6AF5F25F1D34A9890018E351 /* Sources */ = {
			isa = PBXSourcesBuildPhase;
			buildActionMask = 2147483647;
			files = (
				6AE0CFC41D49D55600D708ED /* TabBarController.swift in Sources */,
				6A2538081D3DEB28005CF9A7 /* UdacityAPI.swift in Sources */,
				6AF5F2791D34A9BB0018E351 /* LoginViewController.swift in Sources */,
				6A1159F71D3FCBF0003FDDD9 /* TableViewController.swift in Sources */,
				6AE0CFCD1D4AB8A500D708ED /* UIViewControllerExtensions.swift in Sources */,
				6AE0CFC61D49DC1600D708ED /* InformationPostingViewController.swift in Sources */,
				6AF5F2671D34A9890018E351 /* AppDelegate.swift in Sources */,
				6AE0CFCB1D4AB01600D708ED /* StudentInformationModel.swift in Sources */,
				6A8049C51D4BE97C00C0513E /* User.swift in Sources */,
				6AE0CFCF1D4AC04700D708ED /* StudentInformation.swift in Sources */,
				6AE0CFD11D4BD1AE00D708ED /* ParseAPI.swift in Sources */,
				6AE0CFC21D49BB6300D708ED /* MapViewController.swift in Sources */,
			);
			runOnlyForDeploymentPostprocessing = 0;
		};
/* End PBXSourcesBuildPhase section */

/* Begin PBXVariantGroup section */
		6AF5F26F1D34A9890018E351 /* LaunchScreen.storyboard */ = {
			isa = PBXVariantGroup;
			children = (
				6AF5F2701D34A9890018E351 /* Base */,
			);
			name = LaunchScreen.storyboard;
			sourceTree = "<group>";
		};
/* End PBXVariantGroup section */

/* Begin XCBuildConfiguration section */
		6AF5F2731D34A9890018E351 /* Debug */ = {
			isa = XCBuildConfiguration;
			buildSettings = {
				ALWAYS_SEARCH_USER_PATHS = NO;
				CLANG_ANALYZER_NONNULL = YES;
				CLANG_CXX_LANGUAGE_STANDARD = "gnu++0x";
				CLANG_CXX_LIBRARY = "libc++";
				CLANG_ENABLE_MODULES = YES;
				CLANG_ENABLE_OBJC_ARC = YES;
				CLANG_WARN_BOOL_CONVERSION = YES;
				CLANG_WARN_CONSTANT_CONVERSION = YES;
				CLANG_WARN_DIRECT_OBJC_ISA_USAGE = YES_ERROR;
				CLANG_WARN_EMPTY_BODY = YES;
				CLANG_WARN_ENUM_CONVERSION = YES;
				CLANG_WARN_INT_CONVERSION = YES;
				CLANG_WARN_OBJC_ROOT_CLASS = YES_ERROR;
				CLANG_WARN_UNREACHABLE_CODE = YES;
				CLANG_WARN__DUPLICATE_METHOD_MATCH = YES;
				"CODE_SIGN_IDENTITY[sdk=iphoneos*]" = "iPhone Developer";
				COPY_PHASE_STRIP = NO;
				DEBUG_INFORMATION_FORMAT = dwarf;
				ENABLE_STRICT_OBJC_MSGSEND = YES;
				ENABLE_TESTABILITY = YES;
				GCC_C_LANGUAGE_STANDARD = gnu99;
				GCC_DYNAMIC_NO_PIC = NO;
				GCC_NO_COMMON_BLOCKS = YES;
				GCC_OPTIMIZATION_LEVEL = 0;
				GCC_PREPROCESSOR_DEFINITIONS = (
					"DEBUG=1",
					"$(inherited)",
				);
				GCC_WARN_64_TO_32_BIT_CONVERSION = YES;
				GCC_WARN_ABOUT_RETURN_TYPE = YES_ERROR;
				GCC_WARN_UNDECLARED_SELECTOR = YES;
				GCC_WARN_UNINITIALIZED_AUTOS = YES_AGGRESSIVE;
				GCC_WARN_UNUSED_FUNCTION = YES;
				GCC_WARN_UNUSED_VARIABLE = YES;
				IPHONEOS_DEPLOYMENT_TARGET = 9.3;
				MTL_ENABLE_DEBUG_INFO = YES;
				ONLY_ACTIVE_ARCH = YES;
				SDKROOT = iphoneos;
				SWIFT_OPTIMIZATION_LEVEL = "-Onone";
				TARGETED_DEVICE_FAMILY = "1,2";
			};
			name = Debug;
		};
		6AF5F2741D34A9890018E351 /* Release */ = {
			isa = XCBuildConfiguration;
			buildSettings = {
				ALWAYS_SEARCH_USER_PATHS = NO;
				CLANG_ANALYZER_NONNULL = YES;
				CLANG_CXX_LANGUAGE_STANDARD = "gnu++0x";
				CLANG_CXX_LIBRARY = "libc++";
				CLANG_ENABLE_MODULES = YES;
				CLANG_ENABLE_OBJC_ARC = YES;
				CLANG_WARN_BOOL_CONVERSION = YES;
				CLANG_WARN_CONSTANT_CONVERSION = YES;
				CLANG_WARN_DIRECT_OBJC_ISA_USAGE = YES_ERROR;
				CLANG_WARN_EMPTY_BODY = YES;
				CLANG_WARN_ENUM_CONVERSION = YES;
				CLANG_WARN_INT_CONVERSION = YES;
				CLANG_WARN_OBJC_ROOT_CLASS = YES_ERROR;
				CLANG_WARN_UNREACHABLE_CODE = YES;
				CLANG_WARN__DUPLICATE_METHOD_MATCH = YES;
				"CODE_SIGN_IDENTITY[sdk=iphoneos*]" = "iPhone Developer";
				COPY_PHASE_STRIP = NO;
				DEBUG_INFORMATION_FORMAT = "dwarf-with-dsym";
				ENABLE_NS_ASSERTIONS = NO;
				ENABLE_STRICT_OBJC_MSGSEND = YES;
				GCC_C_LANGUAGE_STANDARD = gnu99;
				GCC_NO_COMMON_BLOCKS = YES;
				GCC_WARN_64_TO_32_BIT_CONVERSION = YES;
				GCC_WARN_ABOUT_RETURN_TYPE = YES_ERROR;
				GCC_WARN_UNDECLARED_SELECTOR = YES;
				GCC_WARN_UNINITIALIZED_AUTOS = YES_AGGRESSIVE;
				GCC_WARN_UNUSED_FUNCTION = YES;
				GCC_WARN_UNUSED_VARIABLE = YES;
				IPHONEOS_DEPLOYMENT_TARGET = 9.3;
				MTL_ENABLE_DEBUG_INFO = NO;
				SDKROOT = iphoneos;
				TARGETED_DEVICE_FAMILY = "1,2";
				VALIDATE_PRODUCT = YES;
			};
			name = Release;
		};
		6AF5F2761D34A9890018E351 /* Debug */ = {
			isa = XCBuildConfiguration;
			buildSettings = {
				ASSETCATALOG_COMPILER_APPICON_NAME = AppIcon;
				CODE_SIGN_IDENTITY = "iPhone Developer";
				INFOPLIST_FILE = OnTheMap/Info.plist;
				LD_RUNPATH_SEARCH_PATHS = "$(inherited) @executable_path/Frameworks";
				PRODUCT_BUNDLE_IDENTIFIER = com.z0s.OnTheMap;
				PRODUCT_NAME = "$(TARGET_NAME)";
			};
			name = Debug;
		};
		6AF5F2771D34A9890018E351 /* Release */ = {
			isa = XCBuildConfiguration;
			buildSettings = {
				ASSETCATALOG_COMPILER_APPICON_NAME = AppIcon;
				CODE_SIGN_IDENTITY = "iPhone Developer";
				INFOPLIST_FILE = OnTheMap/Info.plist;
				LD_RUNPATH_SEARCH_PATHS = "$(inherited) @executable_path/Frameworks";
				PRODUCT_BUNDLE_IDENTIFIER = com.z0s.OnTheMap;
				PRODUCT_NAME = "$(TARGET_NAME)";
			};
			name = Release;
		};
/* End XCBuildConfiguration section */

/* Begin XCConfigurationList section */
		6AF5F25E1D34A9890018E351 /* Build configuration list for PBXProject "OnTheMap" */ = {
			isa = XCConfigurationList;
			buildConfigurations = (
				6AF5F2731D34A9890018E351 /* Debug */,
				6AF5F2741D34A9890018E351 /* Release */,
			);
			defaultConfigurationIsVisible = 0;
			defaultConfigurationName = Release;
		};
		6AF5F2751D34A9890018E351 /* Build configuration list for PBXNativeTarget "OnTheMap" */ = {
			isa = XCConfigurationList;
			buildConfigurations = (
				6AF5F2761D34A9890018E351 /* Debug */,
				6AF5F2771D34A9890018E351 /* Release */,
			);
			defaultConfigurationIsVisible = 0;
			defaultConfigurationName = Release;
		};
/* End XCConfigurationList section */
	};
	rootObject = 6AF5F25B1D34A9890018E351 /* Project object */;
}
